
Microsoft Visual Studio Solution File, Format Version 12.00
# Visual Studio Version 16
VisualStudioVersion = 16.0.29519.87
MinimumVisualStudioVersion = 10.0.40219.1
Project("{FAE04EC0-301F-11D3-BF4B-00C04F79EFBC}") = "MediaCoinClient", "MediaCoinClient\MediaCoinClient.csproj", "{E838C9C1-B702-4CD7-8CAD-96CFF933183C}"
EndProject
Global
	GlobalSection(SolutionConfigurationPlatforms) = preSolution
		Debug|Any CPU = Debug|Any CPU
		Release|Any CPU = Release|Any CPU
	EndGlobalSection
	GlobalSection(ProjectConfigurationPlatforms) = postSolution
		{E838C9C1-B702-4CD7-8CAD-96CFF933183C}.Debug|Any CPU.ActiveCfg = Debug|Any CPU
		{E838C9C1-B702-4CD7-8CAD-96CFF933183C}.Debug|Any CPU.Build.0 = Debug|Any CPU
		{E838C9C1-B702-4CD7-8CAD-96CFF933183C}.Release|Any CPU.ActiveCfg = Release|Any CPU
		{E838C9C1-B702-4CD7-8CAD-96CFF933183C}.Release|Any CPU.Build.0 = Release|Any CPU
	EndGlobalSection
	GlobalSection(SolutionProperties) = preSolution
		HideSolutionNode = FALSE
	EndGlobalSection
	GlobalSection(ExtensibilityGlobals) = postSolution
		SolutionGuid = {83BB741E-14CE-485B-91D1-8BA94FFFEC41}
	EndGlobalSection
EndGlobal
